{
  "requires": true,
  "lockfileVersion": 1,
  "dependencies": {
    "animate.css": {
      "version": "4.1.1",
      "resolved": "https://registry.npmjs.org/animate.css/-/animate.css-4.1.1.tgz",
      "integrity": "sha512-+mRmCTv6SbCmtYJCN4faJMNFVNN5EuCTTprDTAo7YzIGji2KADmakjVA3+8mVDkZ2Bf09vayB35lSQIex2+QaQ=="
    },
    "typed.js": {
      "version": "2.0.11",
      "resolved": "https://registry.npmjs.org/typed.js/-/typed.js-2.0.11.tgz",
      "integrity": "sha512-1ZORHalEyLob34q738mqmwp0pT6syMigB1SZuTItqdhovWBKFIt7I5uVALXAGQZCg2MCtihCt6uqkoqPJK+9iQ=="
    }
  }
}
